
Microsoft Visual Studio Solution File, Format Version 12.00
# Visual Studio Version 17
VisualStudioVersion = 17.1.32421.90
MinimumVisualStudioVersion = 10.0.40219.1
Project("{9A19103F-16F7-4668-BE54-9A1E7A4F7556}") = "rock-paper-scissors", "rock-paper-scissors.csproj", "{81478603-1092-4087-A114-5EC1C135B0AA}"
EndProject
Global
	GlobalSection(SolutionConfigurationPlatforms) = preSolution
		Debug|Any CPU = Debug|Any CPU
		Release|Any CPU = Release|Any CPU
	EndGlobalSection
	GlobalSection(ProjectConfigurationPlatforms) = postSolution
		{81478603-1092-4087-A114-5EC1C135B0AA}.Debug|Any CPU.ActiveCfg = Debug|Any CPU
		{81478603-1092-4087-A114-5EC1C135B0AA}.Debug|Any CPU.Build.0 = Debug|Any CPU
		{81478603-1092-4087-A114-5EC1C135B0AA}.Release|Any CPU.ActiveCfg = Release|Any CPU
		{81478603-1092-4087-A114-5EC1C135B0AA}.Release|Any CPU.Build.0 = Release|Any CPU
	EndGlobalSection
	GlobalSection(SolutionProperties) = preSolution
		HideSolutionNode = FALSE
	EndGlobalSection
	GlobalSection(ExtensibilityGlobals) = postSolution
		SolutionGuid = {301CC0D3-0B10-43FC-90D2-6421A93E667F}
	EndGlobalSection
EndGlobal
